// !$*UTF8*$!
{
	archiveVersion = 1;
	classes = {
	};
	objectVersion = 50;
	objects = {

/* Begin PBXBuildFile section */
		045E10932421433D0015E053 /* MovieDetailsViewController.m in Sources */ = {isa = PBXBuildFile; fileRef = 045E10922421433D0015E053 /* MovieDetailsViewController.m */; };
		46CA04AA241FF4D90047057C /* AppDelegate.m in Sources */ = {isa = PBXBuildFile; fileRef = 46CA04A9241FF4D90047057C /* AppDelegate.m */; };
		46CA04AD241FF4D90047057C /* SceneDelegate.m in Sources */ = {isa = PBXBuildFile; fileRef = 46CA04AC241FF4D90047057C /* SceneDelegate.m */; };
		46CA04B0241FF4D90047057C /* ViewController.m in Sources */ = {isa = PBXBuildFile; fileRef = 46CA04AF241FF4D90047057C /* ViewController.m */; };
		46CA04B3241FF4D90047057C /* Main.storyboard in Resources */ = {isa = PBXBuildFile; fileRef = 46CA04B1241FF4D90047057C /* Main.storyboard */; };
		46CA04B5241FF4DC0047057C /* Assets.xcassets in Resources */ = {isa = PBXBuildFile; fileRef = 46CA04B4241FF4DC0047057C /* Assets.xcassets */; };
		46CA04B8241FF4DC0047057C /* LaunchScreen.storyboard in Resources */ = {isa = PBXBuildFile; fileRef = 46CA04B6241FF4DC0047057C /* LaunchScreen.storyboard */; };
		46CA04BB241FF4DC0047057C /* main.m in Sources */ = {isa = PBXBuildFile; fileRef = 46CA04BA241FF4DC0047057C /* main.m */; };
/* End PBXBuildFile section */

/* Begin PBXFileReference section */
		045E10912421433D0015E053 /* MovieDetailsViewController.h */ = {isa = PBXFileReference; lastKnownFileType = sourcecode.c.h; path = MovieDetailsViewController.h; sourceTree = "<group>"; };
		045E10922421433D0015E053 /* MovieDetailsViewController.m */ = {isa = PBXFileReference; lastKnownFileType = sourcecode.c.objc; path = MovieDetailsViewController.m; sourceTree = "<group>"; };
		46CA04A5241FF4D90047057C /* nsmoviedb.app */ = {isa = PBXFileReference; explicitFileType = wrapper.application; includeInIndex = 0; path = nsmoviedb.app; sourceTree = BUILT_PRODUCTS_DIR; };
		46CA04A8241FF4D90047057C /* AppDelegate.h */ = {isa = PBXFileReference; lastKnownFileType = sourcecode.c.h; path = AppDelegate.h; sourceTree = "<group>"; };
		46CA04A9241FF4D90047057C /* AppDelegate.m */ = {isa = PBXFileReference; lastKnownFileType = sourcecode.c.objc; path = AppDelegate.m; sourceTree = "<group>"; };
		46CA04AB241FF4D90047057C /* SceneDelegate.h */ = {isa = PBXFileReference; lastKnownFileType = sourcecode.c.h; path = SceneDelegate.h; sourceTree = "<group>"; };
		46CA04AC241FF4D90047057C /* SceneDelegate.m */ = {isa = PBXFileReference; lastKnownFileType = sourcecode.c.objc; path = SceneDelegate.m; sourceTree = "<group>"; };
		46CA04AE241FF4D90047057C /* ViewController.h */ = {isa = PBXFileReference; lastKnownFileType = sourcecode.c.h; path = ViewController.h; sourceTree = "<group>"; };
		46CA04AF241FF4D90047057C /* ViewController.m */ = {isa = PBXFileReference; lastKnownFileType = sourcecode.c.objc; path = ViewController.m; sourceTree = "<group>"; };
		46CA04B2241FF4D90047057C /* Base */ = {isa = PBXFileReference; lastKnownFileType = file.storyboard; name = Base; path = Base.lproj/Main.storyboard; sourceTree = "<group>"; };
		46CA04B4241FF4DC0047057C /* Assets.xcassets */ = {isa = PBXFileReference; lastKnownFileType = folder.assetcatalog; path = Assets.xcassets; sourceTree = "<group>"; };
		46CA04B7241FF4DC0047057C /* Base */ = {isa = PBXFileReference; lastKnownFileType = file.storyboard; name = Base; path = Base.lproj/LaunchScreen.storyboard; sourceTree = "<group>"; };
		46CA04B9241FF4DC0047057C /* Info.plist */ = {isa = PBXFileReference; lastKnownFileType = text.plist.xml; path = Info.plist; sourceTree = "<group>"; };
		46CA04BA241FF4DC0047057C /* main.m */ = {isa = PBXFileReference; lastKnownFileType = sourcecode.c.objc; path = main.m; sourceTree = "<group>"; };
/* End PBXFileReference section */

/* Begin PBXFrameworksBuildPhase section */
		46CA04A2241FF4D90047057C /* Frameworks */ = {
			isa = PBXFrameworksBuildPhase;
			buildActionMask = 2147483647;
			files = (
			);
			runOnlyForDeploymentPostprocessing = 0;
		};
/* End PBXFrameworksBuildPhase section */

/* Begin PBXGroup section */
		045E108F242142890015E053 /* View */ = {
			isa = PBXGroup;
			children = (
				46CA04B6241FF4DC0047057C /* LaunchScreen.storyboard */,
				46CA04B1241FF4D90047057C /* Main.storyboard */,
			);
			path = View;
			sourceTree = "<group>";
		};
		045E10902421429E0015E053 /* Controller */ = {
			isa = PBXGroup;
			children = (
				46CA04AE241FF4D90047057C /* ViewController.h */,
				46CA04AF241FF4D90047057C /* ViewController.m */,
				045E10912421433D0015E053 /* MovieDetailsViewController.h */,
				045E10922421433D0015E053 /* MovieDetailsViewController.m */,
			);
			path = Controller;
			sourceTree = "<group>";
		};
		46CA049C241FF4D90047057C = {
			isa = PBXGroup;
			children = (
				46CA04A7241FF4D90047057C /* nsmoviedb */,
				46CA04A6241FF4D90047057C /* Products */,
			);
			sourceTree = "<group>";
		};
		46CA04A6241FF4D90047057C /* Products */ = {
			isa = PBXGroup;
			children = (
				46CA04A5241FF4D90047057C /* nsmoviedb.app */,
			);
			name = Products;
			sourceTree = "<group>";
		};
		46CA04A7241FF4D90047057C /* nsmoviedb */ = {
			isa = PBXGroup;
			children = (
				045E108F242142890015E053 /* View */,
				045E10902421429E0015E053 /* Controller */,
				46CA04A8241FF4D90047057C /* AppDelegate.h */,
				46CA04A9241FF4D90047057C /* AppDelegate.m */,
				46CA04AB241FF4D90047057C /* SceneDelegate.h */,
				46CA04AC241FF4D90047057C /* SceneDelegate.m */,
				46CA04B4241FF4DC0047057C /* Assets.xcassets */,
				46CA04B9241FF4DC0047057C /* Info.plist */,
				46CA04BA241FF4DC0047057C /* main.m */,
			);
			path = nsmoviedb;
			sourceTree = "<group>";
		};
/* End PBXGroup section */

/* Begin PBXNativeTarget section */
		46CA04A4241FF4D90047057C /* nsmoviedb */ = {
			isa = PBXNativeTarget;
			buildConfigurationList = 46CA04BE241FF4DD0047057C /* Build configuration list for PBXNativeTarget "nsmoviedb" */;
			buildPhases = (
				46CA04A1241FF4D90047057C /* Sources */,
				46CA04A2241FF4D90047057C /* Frameworks */,
				46CA04A3241FF4D90047057C /* Resources */,
			);
			buildRules = (
			);
			dependencies = (
			);
			name = nsmoviedb;
			productName = nsmoviedb;
			productReference = 46CA04A5241FF4D90047057C /* nsmoviedb.app */;
			productType = "com.apple.product-type.application";
		};
/* End PBXNativeTarget section */

/* Begin PBXProject section */
		46CA049D241FF4D90047057C /* Project object */ = {
			isa = PBXProject;
			attributes = {
				LastUpgradeCheck = 1130;
				ORGANIZATIONNAME = "Jobe Diego Dylbas dos Santos";
				TargetAttributes = {
					46CA04A4241FF4D90047057C = {
						CreatedOnToolsVersion = 11.3.1;
					};
				};
			};
			buildConfigurationList = 46CA04A0241FF4D90047057C /* Build configuration list for PBXProject "nsmoviedb" */;
			compatibilityVersion = "Xcode 9.3";
			developmentRegion = en;
			hasScannedForEncodings = 0;
			knownRegions = (
				en,
				Base,
			);
			mainGroup = 46CA049C241FF4D90047057C;
			productRefGroup = 46CA04A6241FF4D90047057C /* Products */;
			projectDirPath = "";
			projectRoot = "";
			targets = (
				46CA04A4241FF4D90047057C /* nsmoviedb */,
			);
		};
/* End PBXProject section */

/* Begin PBXResourcesBuildPhase section */
		46CA04A3241FF4D90047057C /* Resources */ = {
			isa = PBXResourcesBuildPhase;
			buildActionMask = 2147483647;
			files = (
				46CA04B8241FF4DC0047057C /* LaunchScreen.storyboard in Resources */,
				46CA04B5241FF4DC0047057C /* Assets.xcassets in Resources */,
				46CA04B3241FF4D90047057C /* Main.storyboard in Resources */,
			);
			runOnlyForDeploymentPostprocessing = 0;
		};
/* End PBXResourcesBuildPhase section */

/* Begin PBXSourcesBuildPhase section */
		46CA04A1241FF4D90047057C /* Sources */ = {
			isa = PBXSourcesBuildPhase;
			buildActionMask = 2147483647;
			files = (
				045E10932421433D0015E053 /* MovieDetailsViewController.m in Sources */,
				46CA04B0241FF4D90047057C /* ViewController.m in Sources */,
				46CA04AA241FF4D90047057C /* AppDelegate.m in Sources */,
				46CA04BB241FF4DC0047057C /* main.m in Sources */,
				46CA04AD241FF4D90047057C /* SceneDelegate.m in Sources */,
			);
			runOnlyForDeploymentPostprocessing = 0;
		};
/* End PBXSourcesBuildPhase section */

/* Begin PBXVariantGroup section */
		46CA04B1241FF4D90047057C /* Main.storyboard */ = {
			isa = PBXVariantGroup;
			children = (
				46CA04B2241FF4D90047057C /* Base */,
			);
			name = Main.storyboard;
			sourceTree = "<group>";
		};
		46CA04B6241FF4DC0047057C /* LaunchScreen.storyboard */ = {
			isa = PBXVariantGroup;
			children = (
				46CA04B7241FF4DC0047057C /* Base */,
			);
			name = LaunchScreen.storyboard;
			sourceTree = "<group>";
		};
/* End PBXVariantGroup section */

/* Begin XCBuildConfiguration section */
		46CA04BC241FF4DD0047057C /* Debug */ = {
			isa = XCBuildConfiguration;
			buildSettings = {
				ALWAYS_SEARCH_USER_PATHS = NO;
				CLANG_ANALYZER_NONNULL = YES;
				CLANG_ANALYZER_NUMBER_OBJECT_CONVERSION = YES_AGGRESSIVE;
				CLANG_CXX_LANGUAGE_STANDARD = "gnu++14";
				CLANG_CXX_LIBRARY = "libc++";
				CLANG_ENABLE_MODULES = YES;
				CLANG_ENABLE_OBJC_ARC = YES;
				CLANG_ENABLE_OBJC_WEAK = YES;
				CLANG_WARN_BLOCK_CAPTURE_AUTORELEASING = YES;
				CLANG_WARN_BOOL_CONVERSION = YES;
				CLANG_WARN_COMMA = YES;
				CLANG_WARN_CONSTANT_CONVERSION = YES;
				CLANG_WARN_DEPRECATED_OBJC_IMPLEMENTATIONS = YES;
				CLANG_WARN_DIRECT_OBJC_ISA_USAGE = YES_ERROR;
				CLANG_WARN_DOCUMENTATION_COMMENTS = YES;
				CLANG_WARN_EMPTY_BODY = YES;
				CLANG_WARN_ENUM_CONVERSION = YES;
				CLANG_WARN_INFINITE_RECURSION = YES;
				CLANG_WARN_INT_CONVERSION = YES;
				CLANG_WARN_NON_LITERAL_NULL_CONVERSION = YES;
				CLANG_WARN_OBJC_IMPLICIT_RETAIN_SELF = YES;
				CLANG_WARN_OBJC_LITERAL_CONVERSION = YES;
				CLANG_WARN_OBJC_ROOT_CLASS = YES_ERROR;
				CLANG_WARN_RANGE_LOOP_ANALYSIS = YES;
				CLANG_WARN_STRICT_PROTOTYPES = YES;
				CLANG_WARN_SUSPICIOUS_MOVE = YES;
				CLANG_WARN_UNGUARDED_AVAILABILITY = YES_AGGRESSIVE;
				CLANG_WARN_UNREACHABLE_CODE = YES;
				CLANG_WARN__DUPLICATE_METHOD_MATCH = YES;
				COPY_PHASE_STRIP = NO;
				DEBUG_INFORMATION_FORMAT = dwarf;
				ENABLE_STRICT_OBJC_MSGSEND = YES;
				ENABLE_TESTABILITY = YES;
				GCC_C_LANGUAGE_STANDARD = gnu11;
				GCC_DYNAMIC_NO_PIC = NO;
				GCC_NO_COMMON_BLOCKS = YES;
				GCC_OPTIMIZATION_LEVEL = 0;
				GCC_PREPROCESSOR_DEFINITIONS = (
					"DEBUG=1",
					"$(inherited)",
				);
				GCC_WARN_64_TO_32_BIT_CONVERSION = YES;
				GCC_WARN_ABOUT_RETURN_TYPE = YES_ERROR;
				GCC_WARN_UNDECLARED_SELECTOR = YES;
				GCC_WARN_UNINITIALIZED_AUTOS = YES_AGGRESSIVE;
				GCC_WARN_UNUSED_FUNCTION = YES;
				GCC_WARN_UNUSED_VARIABLE = YES;
				IPHONEOS_DEPLOYMENT_TARGET = 13.2;
				MTL_ENABLE_DEBUG_INFO = INCLUDE_SOURCE;
				MTL_FAST_MATH = YES;
				ONLY_ACTIVE_ARCH = YES;
				SDKROOT = iphoneos;
			};
			name = Debug;
		};
		46CA04BD241FF4DD0047057C /* Release */ = {
			isa = XCBuildConfiguration;
			buildSettings = {
				ALWAYS_SEARCH_USER_PATHS = NO;
				CLANG_ANALYZER_NONNULL = YES;
				CLANG_ANALYZER_NUMBER_OBJECT_CONVERSION = YES_AGGRESSIVE;
				CLANG_CXX_LANGUAGE_STANDARD = "gnu++14";
				CLANG_CXX_LIBRARY = "libc++";
				CLANG_ENABLE_MODULES = YES;
				CLANG_ENABLE_OBJC_ARC = YES;
				CLANG_ENABLE_OBJC_WEAK = YES;
				CLANG_WARN_BLOCK_CAPTURE_AUTORELEASING = YES;
				CLANG_WARN_BOOL_CONVERSION = YES;
				CLANG_WARN_COMMA = YES;
				CLANG_WARN_CONSTANT_CONVERSION = YES;
				CLANG_WARN_DEPRECATED_OBJC_IMPLEMENTATIONS = YES;
				CLANG_WARN_DIRECT_OBJC_ISA_USAGE = YES_ERROR;
				CLANG_WARN_DOCUMENTATION_COMMENTS = YES;
				CLANG_WARN_EMPTY_BODY = YES;
				CLANG_WARN_ENUM_CONVERSION = YES;
				CLANG_WARN_INFINITE_RECURSION = YES;
				CLANG_WARN_INT_CONVERSION = YES;
				CLANG_WARN_NON_LITERAL_NULL_CONVERSION = YES;
				CLANG_WARN_OBJC_IMPLICIT_RETAIN_SELF = YES;
				CLANG_WARN_OBJC_LITERAL_CONVERSION = YES;
				CLANG_WARN_OBJC_ROOT_CLASS = YES_ERROR;
				CLANG_WARN_RANGE_LOOP_ANALYSIS = YES;
				CLANG_WARN_STRICT_PROTOTYPES = YES;
				CLANG_WARN_SUSPICIOUS_MOVE = YES;
				CLANG_WARN_UNGUARDED_AVAILABILITY = YES_AGGRESSIVE;
				CLANG_WARN_UNREACHABLE_CODE = YES;
				CLANG_WARN__DUPLICATE_METHOD_MATCH = YES;
				COPY_PHASE_STRIP = NO;
				DEBUG_INFORMATION_FORMAT = "dwarf-with-dsym";
				ENABLE_NS_ASSERTIONS = NO;
				ENABLE_STRICT_OBJC_MSGSEND = YES;
				GCC_C_LANGUAGE_STANDARD = gnu11;
				GCC_NO_COMMON_BLOCKS = YES;
				GCC_WARN_64_TO_32_BIT_CONVERSION = YES;
				GCC_WARN_ABOUT_RETURN_TYPE = YES_ERROR;
				GCC_WARN_UNDECLARED_SELECTOR = YES;
				GCC_WARN_UNINITIALIZED_AUTOS = YES_AGGRESSIVE;
				GCC_WARN_UNUSED_FUNCTION = YES;
				GCC_WARN_UNUSED_VARIABLE = YES;
				IPHONEOS_DEPLOYMENT_TARGET = 13.2;
				MTL_ENABLE_DEBUG_INFO = NO;
				MTL_FAST_MATH = YES;
				SDKROOT = iphoneos;
				VALIDATE_PRODUCT = YES;
			};
			name = Release;
		};
		46CA04BF241FF4DD0047057C /* Debug */ = {
			isa = XCBuildConfiguration;
			buildSettings = {
				ASSETCATALOG_COMPILER_APPICON_NAME = AppIcon;
				CODE_SIGN_STYLE = Automatic;
				INFOPLIST_FILE = nsmoviedb/Info.plist;
				LD_RUNPATH_SEARCH_PATHS = (
					"$(inherited)",
					"@executable_path/Frameworks",
				);
				PRODUCT_BUNDLE_IDENTIFIER = com.dev.nsmoviedb;
				PRODUCT_NAME = "$(TARGET_NAME)";
				TARGETED_DEVICE_FAMILY = "1,2";
			};
			name = Debug;
		};
		46CA04C0241FF4DD0047057C /* Release */ = {
			isa = XCBuildConfiguration;
			buildSettings = {
				ASSETCATALOG_COMPILER_APPICON_NAME = AppIcon;
				CODE_SIGN_STYLE = Automatic;
				INFOPLIST_FILE = nsmoviedb/Info.plist;
				LD_RUNPATH_SEARCH_PATHS = (
					"$(inherited)",
					"@executable_path/Frameworks",
				);
				PRODUCT_BUNDLE_IDENTIFIER = com.dev.nsmoviedb;
				PRODUCT_NAME = "$(TARGET_NAME)";
				TARGETED_DEVICE_FAMILY = "1,2";
			};
			name = Release;
		};
/* End XCBuildConfiguration section */

/* Begin XCConfigurationList section */
		46CA04A0241FF4D90047057C /* Build configuration list for PBXProject "nsmoviedb" */ = {
			isa = XCConfigurationList;
			buildConfigurations = (
				46CA04BC241FF4DD0047057C /* Debug */,
				46CA04BD241FF4DD0047057C /* Release */,
			);
			defaultConfigurationIsVisible = 0;
			defaultConfigurationName = Release;
		};
		46CA04BE241FF4DD0047057C /* Build configuration list for PBXNativeTarget "nsmoviedb" */ = {
			isa = XCConfigurationList;
			buildConfigurations = (
				46CA04BF241FF4DD0047057C /* Debug */,
				46CA04C0241FF4DD0047057C /* Release */,
			);
			defaultConfigurationIsVisible = 0;
			defaultConfigurationName = Release;
		};
/* End XCConfigurationList section */
	};
	rootObject = 46CA049D241FF4D90047057C /* Project object */;
}
